
Microsoft Visual Studio Solution File, Format Version 12.00
# Visual Studio 14
VisualStudioVersion = 14.0.25420.1
MinimumVisualStudioVersion = 10.0.40219.1
Project("{FAE04EC0-301F-11D3-BF4B-00C04F79EFBC}") = "Spreadsheet", "Spreadsheet\Spreadsheet.csproj", "{C851C305-B1ED-4355-B936-F07E7CA013BA}"
EndProject
Project("{FAE04EC0-301F-11D3-BF4B-00C04F79EFBC}") = "SpreadsheetEngine", "SpreadsheetEngine\SpreadsheetEngine.csproj", "{75647E56-9DA4-4B68-BF09-00F41C6FAA45}"
EndProject
Project("{FAE04EC0-301F-11D3-BF4B-00C04F79EFBC}") = "ConsoleApplication", "Console\ConsoleApplication.csproj", "{A2EB9AF8-D548-44AE-A01E-ED35EC4A4F11}"
EndProject
Global
	GlobalSection(SolutionConfigurationPlatforms) = preSolution
		Debug|Any CPU = Debug|Any CPU
		Release|Any CPU = Release|Any CPU
	EndGlobalSection
	GlobalSection(ProjectConfigurationPlatforms) = postSolution
		{C851C305-B1ED-4355-B936-F07E7CA013BA}.Debug|Any CPU.ActiveCfg = Debug|Any CPU
		{C851C305-B1ED-4355-B936-F07E7CA013BA}.Debug|Any CPU.Build.0 = Debug|Any CPU
		{C851C305-B1ED-4355-B936-F07E7CA013BA}.Release|Any CPU.ActiveCfg = Release|Any CPU
		{C851C305-B1ED-4355-B936-F07E7CA013BA}.Release|Any CPU.Build.0 = Release|Any CPU
		{75647E56-9DA4-4B68-BF09-00F41C6FAA45}.Debug|Any CPU.ActiveCfg = Debug|Any CPU
		{75647E56-9DA4-4B68-BF09-00F41C6FAA45}.Debug|Any CPU.Build.0 = Debug|Any CPU
		{75647E56-9DA4-4B68-BF09-00F41C6FAA45}.Release|Any CPU.ActiveCfg = Release|Any CPU
		{75647E56-9DA4-4B68-BF09-00F41C6FAA45}.Release|Any CPU.Build.0 = Release|Any CPU
		{A2EB9AF8-D548-44AE-A01E-ED35EC4A4F11}.Debug|Any CPU.ActiveCfg = Debug|Any CPU
		{A2EB9AF8-D548-44AE-A01E-ED35EC4A4F11}.Debug|Any CPU.Build.0 = Debug|Any CPU
		{A2EB9AF8-D548-44AE-A01E-ED35EC4A4F11}.Release|Any CPU.ActiveCfg = Release|Any CPU
		{A2EB9AF8-D548-44AE-A01E-ED35EC4A4F11}.Release|Any CPU.Build.0 = Release|Any CPU
	EndGlobalSection
	GlobalSection(SolutionProperties) = preSolution
		HideSolutionNode = FALSE
	EndGlobalSection
EndGlobal
